// !$*UTF8*$!
{
	archiveVersion = 1;
	classes = {
	};
	objectVersion = 56;
	objects = {

/* Begin PBXBuildFile section */
		B84926172B2BA09400AEB1CC /* Utils.swift in Sources */ = {isa = PBXBuildFile; fileRef = B84926162B2BA09400AEB1CC /* Utils.swift */; };
		B84926192B2BA42F00AEB1CC /* CircleTimer.swift in Sources */ = {isa = PBXBuildFile; fileRef = B84926182B2BA42F00AEB1CC /* CircleTimer.swift */; };
		B84B98282B2B895E004A3D2F /* QuizOption.swift in Sources */ = {isa = PBXBuildFile; fileRef = B84B98272B2B895E004A3D2F /* QuizOption.swift */; };
		B84B982A2B2B8971004A3D2F /* QuizQuestion.swift in Sources */ = {isa = PBXBuildFile; fileRef = B84B98292B2B8971004A3D2F /* QuizQuestion.swift */; };
		B84F193C2B2626D300E36A62 /* GameManagerViewModel.swift in Sources */ = {isa = PBXBuildFile; fileRef = B84F193B2B2626D300E36A62 /* GameManagerViewModel.swift */; };
		B84F193E2B26411000E36A62 /* OptionsGridView.swift in Sources */ = {isa = PBXBuildFile; fileRef = B84F193D2B26411000E36A62 /* OptionsGridView.swift */; };
		B84F19402B26437200E36A62 /* OptionCardView.swift in Sources */ = {isa = PBXBuildFile; fileRef = B84F193F2B26437200E36A62 /* OptionCardView.swift */; };
		B84F19422B2644B400E36A62 /* OptionView.swift in Sources */ = {isa = PBXBuildFile; fileRef = B84F19412B2644B400E36A62 /* OptionView.swift */; };
		B84F19442B26455200E36A62 /* OptionStatusImageView.swift in Sources */ = {isa = PBXBuildFile; fileRef = B84F19432B26455200E36A62 /* OptionStatusImageView.swift */; };
		B87417CB2B25FD41005F48E2 /* QuizGameApp.swift in Sources */ = {isa = PBXBuildFile; fileRef = B87417CA2B25FD41005F48E2 /* QuizGameApp.swift */; };
		B87417CD2B25FD41005F48E2 /* ContentView.swift in Sources */ = {isa = PBXBuildFile; fileRef = B87417CC2B25FD41005F48E2 /* ContentView.swift */; };
		B87417CF2B25FD42005F48E2 /* Assets.xcassets in Resources */ = {isa = PBXBuildFile; fileRef = B87417CE2B25FD42005F48E2 /* Assets.xcassets */; };
		B87417D22B25FD42005F48E2 /* Preview Assets.xcassets in Resources */ = {isa = PBXBuildFile; fileRef = B87417D12B25FD42005F48E2 /* Preview Assets.xcassets */; };
		B87417DC2B25FD42005F48E2 /* QuizGameTests.swift in Sources */ = {isa = PBXBuildFile; fileRef = B87417DB2B25FD42005F48E2 /* QuizGameTests.swift */; };
		B87417E62B25FD42005F48E2 /* QuizGameUITests.swift in Sources */ = {isa = PBXBuildFile; fileRef = B87417E52B25FD42005F48E2 /* QuizGameUITests.swift */; };
		B87417E82B25FD42005F48E2 /* QuizGameUITestsLaunchTests.swift in Sources */ = {isa = PBXBuildFile; fileRef = B87417E72B25FD42005F48E2 /* QuizGameUITestsLaunchTests.swift */; };
		B87417F62B260516005F48E2 /* QuizModel.swift in Sources */ = {isa = PBXBuildFile; fileRef = B87417F52B260516005F48E2 /* QuizModel.swift */; };
		B87417F92B26118E005F48E2 /* ReusableText.swift in Sources */ = {isa = PBXBuildFile; fileRef = B87417F82B26118E005F48E2 /* ReusableText.swift */; };
		B880C0282B265F49003F7AF4 /* QuizCompletedView.swift in Sources */ = {isa = PBXBuildFile; fileRef = B880C0272B265F49003F7AF4 /* QuizCompletedView.swift */; };
/* End PBXBuildFile section */

/* Begin PBXContainerItemProxy section */
		B87417D82B25FD42005F48E2 /* PBXContainerItemProxy */ = {
			isa = PBXContainerItemProxy;
			containerPortal = B87417BF2B25FD41005F48E2 /* Project object */;
			proxyType = 1;
			remoteGlobalIDString = B87417C62B25FD41005F48E2;
			remoteInfo = QuizGame;
		};
		B87417E22B25FD42005F48E2 /* PBXContainerItemProxy */ = {
			isa = PBXContainerItemProxy;
			containerPortal = B87417BF2B25FD41005F48E2 /* Project object */;
			proxyType = 1;
			remoteGlobalIDString = B87417C62B25FD41005F48E2;
			remoteInfo = QuizGame;
		};
/* End PBXContainerItemProxy section */

/* Begin PBXFileReference section */
		B84926162B2BA09400AEB1CC /* Utils.swift */ = {isa = PBXFileReference; lastKnownFileType = sourcecode.swift; path = Utils.swift; sourceTree = "<group>"; };
		B84926182B2BA42F00AEB1CC /* CircleTimer.swift */ = {isa = PBXFileReference; lastKnownFileType = sourcecode.swift; path = CircleTimer.swift; sourceTree = "<group>"; };
		B84B98272B2B895E004A3D2F /* QuizOption.swift */ = {isa = PBXFileReference; lastKnownFileType = sourcecode.swift; path = QuizOption.swift; sourceTree = "<group>"; };
		B84B98292B2B8971004A3D2F /* QuizQuestion.swift */ = {isa = PBXFileReference; lastKnownFileType = sourcecode.swift; path = QuizQuestion.swift; sourceTree = "<group>"; };
		B84F193B2B2626D300E36A62 /* GameManagerViewModel.swift */ = {isa = PBXFileReference; lastKnownFileType = sourcecode.swift; path = GameManagerViewModel.swift; sourceTree = "<group>"; };
		B84F193D2B26411000E36A62 /* OptionsGridView.swift */ = {isa = PBXFileReference; lastKnownFileType = sourcecode.swift; path = OptionsGridView.swift; sourceTree = "<group>"; };
		B84F193F2B26437200E36A62 /* OptionCardView.swift */ = {isa = PBXFileReference; lastKnownFileType = sourcecode.swift; path = OptionCardView.swift; sourceTree = "<group>"; };
		B84F19412B2644B400E36A62 /* OptionView.swift */ = {isa = PBXFileReference; lastKnownFileType = sourcecode.swift; path = OptionView.swift; sourceTree = "<group>"; };
		B84F19432B26455200E36A62 /* OptionStatusImageView.swift */ = {isa = PBXFileReference; lastKnownFileType = sourcecode.swift; path = OptionStatusImageView.swift; sourceTree = "<group>"; };
		B87417C72B25FD41005F48E2 /* QuizGame.app */ = {isa = PBXFileReference; explicitFileType = wrapper.application; includeInIndex = 0; path = QuizGame.app; sourceTree = BUILT_PRODUCTS_DIR; };
		B87417CA2B25FD41005F48E2 /* QuizGameApp.swift */ = {isa = PBXFileReference; lastKnownFileType = sourcecode.swift; path = QuizGameApp.swift; sourceTree = "<group>"; };
		B87417CC2B25FD41005F48E2 /* ContentView.swift */ = {isa = PBXFileReference; lastKnownFileType = sourcecode.swift; path = ContentView.swift; sourceTree = "<group>"; };
		B87417CE2B25FD42005F48E2 /* Assets.xcassets */ = {isa = PBXFileReference; lastKnownFileType = folder.assetcatalog; path = Assets.xcassets; sourceTree = "<group>"; };
		B87417D12B25FD42005F48E2 /* Preview Assets.xcassets */ = {isa = PBXFileReference; lastKnownFileType = folder.assetcatalog; path = "Preview Assets.xcassets"; sourceTree = "<group>"; };
		B87417D72B25FD42005F48E2 /* QuizGameTests.xctest */ = {isa = PBXFileReference; explicitFileType = wrapper.cfbundle; includeInIndex = 0; path = QuizGameTests.xctest; sourceTree = BUILT_PRODUCTS_DIR; };
		B87417DB2B25FD42005F48E2 /* QuizGameTests.swift */ = {isa = PBXFileReference; lastKnownFileType = sourcecode.swift; path = QuizGameTests.swift; sourceTree = "<group>"; };
		B87417E12B25FD42005F48E2 /* QuizGameUITests.xctest */ = {isa = PBXFileReference; explicitFileType = wrapper.cfbundle; includeInIndex = 0; path = QuizGameUITests.xctest; sourceTree = BUILT_PRODUCTS_DIR; };
		B87417E52B25FD42005F48E2 /* QuizGameUITests.swift */ = {isa = PBXFileReference; lastKnownFileType = sourcecode.swift; path = QuizGameUITests.swift; sourceTree = "<group>"; };
		B87417E72B25FD42005F48E2 /* QuizGameUITestsLaunchTests.swift */ = {isa = PBXFileReference; lastKnownFileType = sourcecode.swift; path = QuizGameUITestsLaunchTests.swift; sourceTree = "<group>"; };
		B87417F52B260516005F48E2 /* QuizModel.swift */ = {isa = PBXFileReference; lastKnownFileType = sourcecode.swift; path = QuizModel.swift; sourceTree = "<group>"; };
		B87417F82B26118E005F48E2 /* ReusableText.swift */ = {isa = PBXFileReference; lastKnownFileType = sourcecode.swift; path = ReusableText.swift; sourceTree = "<group>"; };
		B880C0272B265F49003F7AF4 /* QuizCompletedView.swift */ = {isa = PBXFileReference; lastKnownFileType = sourcecode.swift; path = QuizCompletedView.swift; sourceTree = "<group>"; };
/* End PBXFileReference section */

/* Begin PBXFrameworksBuildPhase section */
		B87417C42B25FD41005F48E2 /* Frameworks */ = {
			isa = PBXFrameworksBuildPhase;
			buildActionMask = 2147483647;
			files = (
			);
			runOnlyForDeploymentPostprocessing = 0;
		};
		B87417D42B25FD42005F48E2 /* Frameworks */ = {
			isa = PBXFrameworksBuildPhase;
			buildActionMask = 2147483647;
			files = (
			);
			runOnlyForDeploymentPostprocessing = 0;
		};
		B87417DE2B25FD42005F48E2 /* Frameworks */ = {
			isa = PBXFrameworksBuildPhase;
			buildActionMask = 2147483647;
			files = (
			);
			runOnlyForDeploymentPostprocessing = 0;
		};
/* End PBXFrameworksBuildPhase section */

/* Begin PBXGroup section */
		B84926152B2BA08600AEB1CC /* Utils */ = {
			isa = PBXGroup;
			children = (
				B84926162B2BA09400AEB1CC /* Utils.swift */,
			);
			path = Utils;
			sourceTree = "<group>";
		};
		B84F193A2B2613E100E36A62 /* UiComponents */ = {
			isa = PBXGroup;
			children = (
				B87417F82B26118E005F48E2 /* ReusableText.swift */,
				B84F193D2B26411000E36A62 /* OptionsGridView.swift */,
				B84F193F2B26437200E36A62 /* OptionCardView.swift */,
				B84F19412B2644B400E36A62 /* OptionView.swift */,
				B84F19432B26455200E36A62 /* OptionStatusImageView.swift */,
				B880C0272B265F49003F7AF4 /* QuizCompletedView.swift */,
				B84926182B2BA42F00AEB1CC /* CircleTimer.swift */,
			);
			path = UiComponents;
			sourceTree = "<group>";
		};
		B87417BE2B25FD41005F48E2 = {
			isa = PBXGroup;
			children = (
				B87417C92B25FD41005F48E2 /* QuizGame */,
				B87417DA2B25FD42005F48E2 /* QuizGameTests */,
				B87417E42B25FD42005F48E2 /* QuizGameUITests */,
				B87417C82B25FD41005F48E2 /* Products */,
			);
			sourceTree = "<group>";
		};
		B87417C82B25FD41005F48E2 /* Products */ = {
			isa = PBXGroup;
			children = (
				B87417C72B25FD41005F48E2 /* QuizGame.app */,
				B87417D72B25FD42005F48E2 /* QuizGameTests.xctest */,
				B87417E12B25FD42005F48E2 /* QuizGameUITests.xctest */,
			);
			name = Products;
			sourceTree = "<group>";
		};
		B87417C92B25FD41005F48E2 /* QuizGame */ = {
			isa = PBXGroup;
			children = (
				B84926152B2BA08600AEB1CC /* Utils */,
				B84F193A2B2613E100E36A62 /* UiComponents */,
				B87417F72B26070F005F48E2 /* ViewModels */,
				B87417F42B260482005F48E2 /* Models */,
				B87417CA2B25FD41005F48E2 /* QuizGameApp.swift */,
				B87417CC2B25FD41005F48E2 /* ContentView.swift */,
				B87417CE2B25FD42005F48E2 /* Assets.xcassets */,
				B87417D02B25FD42005F48E2 /* Preview Content */,
			);
			path = QuizGame;
			sourceTree = "<group>";
		};
		B87417D02B25FD42005F48E2 /* Preview Content */ = {
			isa = PBXGroup;
			children = (
				B87417D12B25FD42005F48E2 /* Preview Assets.xcassets */,
			);
			path = "Preview Content";
			sourceTree = "<group>";
		};
		B87417DA2B25FD42005F48E2 /* QuizGameTests */ = {
			isa = PBXGroup;
			children = (
				B87417DB2B25FD42005F48E2 /* QuizGameTests.swift */,
			);
			path = QuizGameTests;
			sourceTree = "<group>";
		};
		B87417E42B25FD42005F48E2 /* QuizGameUITests */ = {
			isa = PBXGroup;
			children = (
				B87417E52B25FD42005F48E2 /* QuizGameUITests.swift */,
				B87417E72B25FD42005F48E2 /* QuizGameUITestsLaunchTests.swift */,
			);
			path = QuizGameUITests;
			sourceTree = "<group>";
		};
		B87417F42B260482005F48E2 /* Models */ = {
			isa = PBXGroup;
			children = (
				B87417F52B260516005F48E2 /* QuizModel.swift */,
				B84B98272B2B895E004A3D2F /* QuizOption.swift */,
				B84B98292B2B8971004A3D2F /* QuizQuestion.swift */,
			);
			path = Models;
			sourceTree = "<group>";
		};
		B87417F72B26070F005F48E2 /* ViewModels */ = {
			isa = PBXGroup;
			children = (
				B84F193B2B2626D300E36A62 /* GameManagerViewModel.swift */,
			);
			path = ViewModels;
			sourceTree = "<group>";
		};
/* End PBXGroup section */

/* Begin PBXNativeTarget section */
		B87417C62B25FD41005F48E2 /* QuizGame */ = {
			isa = PBXNativeTarget;
			buildConfigurationList = B87417EB2B25FD42005F48E2 /* Build configuration list for PBXNativeTarget "QuizGame" */;
			buildPhases = (
				B87417C32B25FD41005F48E2 /* Sources */,
				B87417C42B25FD41005F48E2 /* Frameworks */,
				B87417C52B25FD41005F48E2 /* Resources */,
			);
			buildRules = (
			);
			dependencies = (
			);
			name = QuizGame;
			productName = QuizGame;
			productReference = B87417C72B25FD41005F48E2 /* QuizGame.app */;
			productType = "com.apple.product-type.application";
		};
		B87417D62B25FD42005F48E2 /* QuizGameTests */ = {
			isa = PBXNativeTarget;
			buildConfigurationList = B87417EE2B25FD42005F48E2 /* Build configuration list for PBXNativeTarget "QuizGameTests" */;
			buildPhases = (
				B87417D32B25FD42005F48E2 /* Sources */,
				B87417D42B25FD42005F48E2 /* Frameworks */,
				B87417D52B25FD42005F48E2 /* Resources */,
			);
			buildRules = (
			);
			dependencies = (
				B87417D92B25FD42005F48E2 /* PBXTargetDependency */,
			);
			name = QuizGameTests;
			productName = QuizGameTests;
			productReference = B87417D72B25FD42005F48E2 /* QuizGameTests.xctest */;
			productType = "com.apple.product-type.bundle.unit-test";
		};
		B87417E02B25FD42005F48E2 /* QuizGameUITests */ = {
			isa = PBXNativeTarget;
			buildConfigurationList = B87417F12B25FD42005F48E2 /* Build configuration list for PBXNativeTarget "QuizGameUITests" */;
			buildPhases = (
				B87417DD2B25FD42005F48E2 /* Sources */,
				B87417DE2B25FD42005F48E2 /* Frameworks */,
				B87417DF2B25FD42005F48E2 /* Resources */,
			);
			buildRules = (
			);
			dependencies = (
				B87417E32B25FD42005F48E2 /* PBXTargetDependency */,
			);
			name = QuizGameUITests;
			productName = QuizGameUITests;
			productReference = B87417E12B25FD42005F48E2 /* QuizGameUITests.xctest */;
			productType = "com.apple.product-type.bundle.ui-testing";
		};
/* End PBXNativeTarget section */

/* Begin PBXProject section */
		B87417BF2B25FD41005F48E2 /* Project object */ = {
			isa = PBXProject;
			attributes = {
				BuildIndependentTargetsInParallel = 1;
				LastSwiftUpdateCheck = 1500;
				LastUpgradeCheck = 1500;
				TargetAttributes = {
					B87417C62B25FD41005F48E2 = {
						CreatedOnToolsVersion = 15.0.1;
					};
					B87417D62B25FD42005F48E2 = {
						CreatedOnToolsVersion = 15.0.1;
						TestTargetID = B87417C62B25FD41005F48E2;
					};
					B87417E02B25FD42005F48E2 = {
						CreatedOnToolsVersion = 15.0.1;
						TestTargetID = B87417C62B25FD41005F48E2;
					};
				};
			};
			buildConfigurationList = B87417C22B25FD41005F48E2 /* Build configuration list for PBXProject "QuizGame" */;
			compatibilityVersion = "Xcode 14.0";
			developmentRegion = en;
			hasScannedForEncodings = 0;
			knownRegions = (
				en,
				Base,
			);
			mainGroup = B87417BE2B25FD41005F48E2;
			productRefGroup = B87417C82B25FD41005F48E2 /* Products */;
			projectDirPath = "";
			projectRoot = "";
			targets = (
				B87417C62B25FD41005F48E2 /* QuizGame */,
				B87417D62B25FD42005F48E2 /* QuizGameTests */,
				B87417E02B25FD42005F48E2 /* QuizGameUITests */,
			);
		};
/* End PBXProject section */

/* Begin PBXResourcesBuildPhase section */
		B87417C52B25FD41005F48E2 /* Resources */ = {
			isa = PBXResourcesBuildPhase;
			buildActionMask = 2147483647;
			files = (
				B87417D22B25FD42005F48E2 /* Preview Assets.xcassets in Resources */,
				B87417CF2B25FD42005F48E2 /* Assets.xcassets in Resources */,
			);
			runOnlyForDeploymentPostprocessing = 0;
		};
		B87417D52B25FD42005F48E2 /* Resources */ = {
			isa = PBXResourcesBuildPhase;
			buildActionMask = 2147483647;
			files = (
			);
			runOnlyForDeploymentPostprocessing = 0;
		};
		B87417DF2B25FD42005F48E2 /* Resources */ = {
			isa = PBXResourcesBuildPhase;
			buildActionMask = 2147483647;
			files = (
			);
			runOnlyForDeploymentPostprocessing = 0;
		};
/* End PBXResourcesBuildPhase section */

/* Begin PBXSourcesBuildPhase section */
		B87417C32B25FD41005F48E2 /* Sources */ = {
			isa = PBXSourcesBuildPhase;
			buildActionMask = 2147483647;
			files = (
				B87417CD2B25FD41005F48E2 /* ContentView.swift in Sources */,
				B880C0282B265F49003F7AF4 /* QuizCompletedView.swift in Sources */,
				B87417CB2B25FD41005F48E2 /* QuizGameApp.swift in Sources */,
				B87417F62B260516005F48E2 /* QuizModel.swift in Sources */,
				B84B982A2B2B8971004A3D2F /* QuizQuestion.swift in Sources */,
				B84926192B2BA42F00AEB1CC /* CircleTimer.swift in Sources */,
				B84926172B2BA09400AEB1CC /* Utils.swift in Sources */,
				B84F193E2B26411000E36A62 /* OptionsGridView.swift in Sources */,
				B84F19402B26437200E36A62 /* OptionCardView.swift in Sources */,
				B84B98282B2B895E004A3D2F /* QuizOption.swift in Sources */,
				B84F19442B26455200E36A62 /* OptionStatusImageView.swift in Sources */,
				B87417F92B26118E005F48E2 /* ReusableText.swift in Sources */,
				B84F193C2B2626D300E36A62 /* GameManagerViewModel.swift in Sources */,
				B84F19422B2644B400E36A62 /* OptionView.swift in Sources */,
			);
			runOnlyForDeploymentPostprocessing = 0;
		};
		B87417D32B25FD42005F48E2 /* Sources */ = {
			isa = PBXSourcesBuildPhase;
			buildActionMask = 2147483647;
			files = (
				B87417DC2B25FD42005F48E2 /* QuizGameTests.swift in Sources */,
			);
			runOnlyForDeploymentPostprocessing = 0;
		};
		B87417DD2B25FD42005F48E2 /* Sources */ = {
			isa = PBXSourcesBuildPhase;
			buildActionMask = 2147483647;
			files = (
				B87417E82B25FD42005F48E2 /* QuizGameUITestsLaunchTests.swift in Sources */,
				B87417E62B25FD42005F48E2 /* QuizGameUITests.swift in Sources */,
			);
			runOnlyForDeploymentPostprocessing = 0;
		};
/* End PBXSourcesBuildPhase section */

/* Begin PBXTargetDependency section */
		B87417D92B25FD42005F48E2 /* PBXTargetDependency */ = {
			isa = PBXTargetDependency;
			target = B87417C62B25FD41005F48E2 /* QuizGame */;
			targetProxy = B87417D82B25FD42005F48E2 /* PBXContainerItemProxy */;
		};
		B87417E32B25FD42005F48E2 /* PBXTargetDependency */ = {
			isa = PBXTargetDependency;
			target = B87417C62B25FD41005F48E2 /* QuizGame */;
			targetProxy = B87417E22B25FD42005F48E2 /* PBXContainerItemProxy */;
		};
/* End PBXTargetDependency section */

/* Begin XCBuildConfiguration section */
		B87417E92B25FD42005F48E2 /* Debug */ = {
			isa = XCBuildConfiguration;
			buildSettings = {
				ALWAYS_SEARCH_USER_PATHS = NO;
				ASSETCATALOG_COMPILER_GENERATE_SWIFT_ASSET_SYMBOL_EXTENSIONS = YES;
				CLANG_ANALYZER_NONNULL = YES;
				CLANG_ANALYZER_NUMBER_OBJECT_CONVERSION = YES_AGGRESSIVE;
				CLANG_CXX_LANGUAGE_STANDARD = "gnu++20";
				CLANG_ENABLE_MODULES = YES;
				CLANG_ENABLE_OBJC_ARC = YES;
				CLANG_ENABLE_OBJC_WEAK = YES;
				CLANG_WARN_BLOCK_CAPTURE_AUTORELEASING = YES;
				CLANG_WARN_BOOL_CONVERSION = YES;
				CLANG_WARN_COMMA = YES;
				CLANG_WARN_CONSTANT_CONVERSION = YES;
				CLANG_WARN_DEPRECATED_OBJC_IMPLEMENTATIONS = YES;
				CLANG_WARN_DIRECT_OBJC_ISA_USAGE = YES_ERROR;
				CLANG_WARN_DOCUMENTATION_COMMENTS = YES;
				CLANG_WARN_EMPTY_BODY = YES;
				CLANG_WARN_ENUM_CONVERSION = YES;
				CLANG_WARN_INFINITE_RECURSION = YES;
				CLANG_WARN_INT_CONVERSION = YES;
				CLANG_WARN_NON_LITERAL_NULL_CONVERSION = YES;
				CLANG_WARN_OBJC_IMPLICIT_RETAIN_SELF = YES;
				CLANG_WARN_OBJC_LITERAL_CONVERSION = YES;
				CLANG_WARN_OBJC_ROOT_CLASS = YES_ERROR;
				CLANG_WARN_QUOTED_INCLUDE_IN_FRAMEWORK_HEADER = YES;
				CLANG_WARN_RANGE_LOOP_ANALYSIS = YES;
				CLANG_WARN_STRICT_PROTOTYPES = YES;
				CLANG_WARN_SUSPICIOUS_MOVE = YES;
				CLANG_WARN_UNGUARDED_AVAILABILITY = YES_AGGRESSIVE;
				CLANG_WARN_UNREACHABLE_CODE = YES;
				CLANG_WARN__DUPLICATE_METHOD_MATCH = YES;
				COPY_PHASE_STRIP = NO;
				DEBUG_INFORMATION_FORMAT = dwarf;
				ENABLE_STRICT_OBJC_MSGSEND = YES;
				ENABLE_TESTABILITY = YES;
				ENABLE_USER_SCRIPT_SANDBOXING = YES;
				GCC_C_LANGUAGE_STANDARD = gnu17;
				GCC_DYNAMIC_NO_PIC = NO;
				GCC_NO_COMMON_BLOCKS = YES;
				GCC_OPTIMIZATION_LEVEL = 0;
				GCC_PREPROCESSOR_DEFINITIONS = (
					"DEBUG=1",
					"$(inherited)",
				);
				GCC_WARN_64_TO_32_BIT_CONVERSION = YES;
				GCC_WARN_ABOUT_RETURN_TYPE = YES_ERROR;
				GCC_WARN_UNDECLARED_SELECTOR = YES;
				GCC_WARN_UNINITIALIZED_AUTOS = YES_AGGRESSIVE;
				GCC_WARN_UNUSED_FUNCTION = YES;
				GCC_WARN_UNUSED_VARIABLE = YES;
				IPHONEOS_DEPLOYMENT_TARGET = 17.0;
				LOCALIZATION_PREFERS_STRING_CATALOGS = YES;
				MTL_ENABLE_DEBUG_INFO = INCLUDE_SOURCE;
				MTL_FAST_MATH = YES;
				ONLY_ACTIVE_ARCH = YES;
				SDKROOT = iphoneos;
				SWIFT_ACTIVE_COMPILATION_CONDITIONS = "DEBUG $(inherited)";
				SWIFT_OPTIMIZATION_LEVEL = "-Onone";
			};
			name = Debug;
		};
		B87417EA2B25FD42005F48E2 /* Release */ = {
			isa = XCBuildConfiguration;
			buildSettings = {
				ALWAYS_SEARCH_USER_PATHS = NO;
				ASSETCATALOG_COMPILER_GENERATE_SWIFT_ASSET_SYMBOL_EXTENSIONS = YES;
				CLANG_ANALYZER_NONNULL = YES;
				CLANG_ANALYZER_NUMBER_OBJECT_CONVERSION = YES_AGGRESSIVE;
				CLANG_CXX_LANGUAGE_STANDARD = "gnu++20";
				CLANG_ENABLE_MODULES = YES;
				CLANG_ENABLE_OBJC_ARC = YES;
				CLANG_ENABLE_OBJC_WEAK = YES;
				CLANG_WARN_BLOCK_CAPTURE_AUTORELEASING = YES;
				CLANG_WARN_BOOL_CONVERSION = YES;
				CLANG_WARN_COMMA = YES;
				CLANG_WARN_CONSTANT_CONVERSION = YES;
				CLANG_WARN_DEPRECATED_OBJC_IMPLEMENTATIONS = YES;
				CLANG_WARN_DIRECT_OBJC_ISA_USAGE = YES_ERROR;
				CLANG_WARN_DOCUMENTATION_COMMENTS = YES;
				CLANG_WARN_EMPTY_BODY = YES;
				CLANG_WARN_ENUM_CONVERSION = YES;
				CLANG_WARN_INFINITE_RECURSION = YES;
				CLANG_WARN_INT_CONVERSION = YES;
				CLANG_WARN_NON_LITERAL_NULL_CONVERSION = YES;
				CLANG_WARN_OBJC_IMPLICIT_RETAIN_SELF = YES;
				CLANG_WARN_OBJC_LITERAL_CONVERSION = YES;
				CLANG_WARN_OBJC_ROOT_CLASS = YES_ERROR;
				CLANG_WARN_QUOTED_INCLUDE_IN_FRAMEWORK_HEADER = YES;
				CLANG_WARN_RANGE_LOOP_ANALYSIS = YES;
				CLANG_WARN_STRICT_PROTOTYPES = YES;
				CLANG_WARN_SUSPICIOUS_MOVE = YES;
				CLANG_WARN_UNGUARDED_AVAILABILITY = YES_AGGRESSIVE;
				CLANG_WARN_UNREACHABLE_CODE = YES;
				CLANG_WARN__DUPLICATE_METHOD_MATCH = YES;
				COPY_PHASE_STRIP = NO;
				DEBUG_INFORMATION_FORMAT = "dwarf-with-dsym";
				ENABLE_NS_ASSERTIONS = NO;
				ENABLE_STRICT_OBJC_MSGSEND = YES;
				ENABLE_USER_SCRIPT_SANDBOXING = YES;
				GCC_C_LANGUAGE_STANDARD = gnu17;
				GCC_NO_COMMON_BLOCKS = YES;
				GCC_WARN_64_TO_32_BIT_CONVERSION = YES;
				GCC_WARN_ABOUT_RETURN_TYPE = YES_ERROR;
				GCC_WARN_UNDECLARED_SELECTOR = YES;
				GCC_WARN_UNINITIALIZED_AUTOS = YES_AGGRESSIVE;
				GCC_WARN_UNUSED_FUNCTION = YES;
				GCC_WARN_UNUSED_VARIABLE = YES;
				IPHONEOS_DEPLOYMENT_TARGET = 17.0;
				LOCALIZATION_PREFERS_STRING_CATALOGS = YES;
				MTL_ENABLE_DEBUG_INFO = NO;
				MTL_FAST_MATH = YES;
				SDKROOT = iphoneos;
				SWIFT_COMPILATION_MODE = wholemodule;
				VALIDATE_PRODUCT = YES;
			};
			name = Release;
		};
		B87417EC2B25FD42005F48E2 /* Debug */ = {
			isa = XCBuildConfiguration;
			buildSettings = {
				ASSETCATALOG_COMPILER_APPICON_NAME = AppIcon;
				ASSETCATALOG_COMPILER_GLOBAL_ACCENT_COLOR_NAME = AccentColor;
				CODE_SIGN_STYLE = Automatic;
				CURRENT_PROJECT_VERSION = 1;
				DEVELOPMENT_ASSET_PATHS = "\"QuizGame/Preview Content\"";
				ENABLE_PREVIEWS = YES;
				GENERATE_INFOPLIST_FILE = YES;
				INFOPLIST_KEY_UIApplicationSceneManifest_Generation = YES;
				INFOPLIST_KEY_UIApplicationSupportsIndirectInputEvents = YES;
				INFOPLIST_KEY_UILaunchScreen_Generation = YES;
				INFOPLIST_KEY_UISupportedInterfaceOrientations_iPad = "UIInterfaceOrientationPortrait UIInterfaceOrientationPortraitUpsideDown UIInterfaceOrientationLandscapeLeft UIInterfaceOrientationLandscapeRight";
				INFOPLIST_KEY_UISupportedInterfaceOrientations_iPhone = "UIInterfaceOrientationPortrait UIInterfaceOrientationLandscapeLeft UIInterfaceOrientationLandscapeRight";
				LD_RUNPATH_SEARCH_PATHS = (
					"$(inherited)",
					"@executable_path/Frameworks",
				);
				MARKETING_VERSION = 1.0;
				PRODUCT_BUNDLE_IDENTIFIER = NDOM.QuizGame;
				PRODUCT_NAME = "$(TARGET_NAME)";
				SWIFT_EMIT_LOC_STRINGS = YES;
				SWIFT_VERSION = 5.0;
				TARGETED_DEVICE_FAMILY = "1,2";
			};
			name = Debug;
		};
		B87417ED2B25FD42005F48E2 /* Release */ = {
			isa = XCBuildConfiguration;
			buildSettings = {
				ASSETCATALOG_COMPILER_APPICON_NAME = AppIcon;
				ASSETCATALOG_COMPILER_GLOBAL_ACCENT_COLOR_NAME = AccentColor;
				CODE_SIGN_STYLE = Automatic;
				CURRENT_PROJECT_VERSION = 1;
				DEVELOPMENT_ASSET_PATHS = "\"QuizGame/Preview Content\"";
				ENABLE_PREVIEWS = YES;
				GENERATE_INFOPLIST_FILE = YES;
				INFOPLIST_KEY_UIApplicationSceneManifest_Generation = YES;
				INFOPLIST_KEY_UIApplicationSupportsIndirectInputEvents = YES;
				INFOPLIST_KEY_UILaunchScreen_Generation = YES;
				INFOPLIST_KEY_UISupportedInterfaceOrientations_iPad = "UIInterfaceOrientationPortrait UIInterfaceOrientationPortraitUpsideDown UIInterfaceOrientationLandscapeLeft UIInterfaceOrientationLandscapeRight";
				INFOPLIST_KEY_UISupportedInterfaceOrientations_iPhone = "UIInterfaceOrientationPortrait UIInterfaceOrientationLandscapeLeft UIInterfaceOrientationLandscapeRight";
				LD_RUNPATH_SEARCH_PATHS = (
					"$(inherited)",
					"@executable_path/Frameworks",
				);
				MARKETING_VERSION = 1.0;
				PRODUCT_BUNDLE_IDENTIFIER = NDOM.QuizGame;
				PRODUCT_NAME = "$(TARGET_NAME)";
				SWIFT_EMIT_LOC_STRINGS = YES;
				SWIFT_VERSION = 5.0;
				TARGETED_DEVICE_FAMILY = "1,2";
			};
			name = Release;
		};
		B87417EF2B25FD42005F48E2 /* Debug */ = {
			isa = XCBuildConfiguration;
			buildSettings = {
				ALWAYS_EMBED_SWIFT_STANDARD_LIBRARIES = YES;
				BUNDLE_LOADER = "$(TEST_HOST)";
				CODE_SIGN_STYLE = Automatic;
				CURRENT_PROJECT_VERSION = 1;
				GENERATE_INFOPLIST_FILE = YES;
				IPHONEOS_DEPLOYMENT_TARGET = 17.0;
				MARKETING_VERSION = 1.0;
				PRODUCT_BUNDLE_IDENTIFIER = NDOM.QuizGameTests;
				PRODUCT_NAME = "$(TARGET_NAME)";
				SWIFT_EMIT_LOC_STRINGS = NO;
				SWIFT_VERSION = 5.0;
				TARGETED_DEVICE_FAMILY = "1,2";
				TEST_HOST = "$(BUILT_PRODUCTS_DIR)/QuizGame.app/$(BUNDLE_EXECUTABLE_FOLDER_PATH)/QuizGame";
			};
			name = Debug;
		};
		B87417F02B25FD42005F48E2 /* Release */ = {
			isa = XCBuildConfiguration;
			buildSettings = {
				ALWAYS_EMBED_SWIFT_STANDARD_LIBRARIES = YES;
				BUNDLE_LOADER = "$(TEST_HOST)";
				CODE_SIGN_STYLE = Automatic;
				CURRENT_PROJECT_VERSION = 1;
				GENERATE_INFOPLIST_FILE = YES;
				IPHONEOS_DEPLOYMENT_TARGET = 17.0;
				MARKETING_VERSION = 1.0;
				PRODUCT_BUNDLE_IDENTIFIER = NDOM.QuizGameTests;
				PRODUCT_NAME = "$(TARGET_NAME)";
				SWIFT_EMIT_LOC_STRINGS = NO;
				SWIFT_VERSION = 5.0;
				TARGETED_DEVICE_FAMILY = "1,2";
				TEST_HOST = "$(BUILT_PRODUCTS_DIR)/QuizGame.app/$(BUNDLE_EXECUTABLE_FOLDER_PATH)/QuizGame";
			};
			name = Release;
		};
		B87417F22B25FD42005F48E2 /* Debug */ = {
			isa = XCBuildConfiguration;
			buildSettings = {
				ALWAYS_EMBED_SWIFT_STANDARD_LIBRARIES = YES;
				CODE_SIGN_STYLE = Automatic;
				CURRENT_PROJECT_VERSION = 1;
				GENERATE_INFOPLIST_FILE = YES;
				MARKETING_VERSION = 1.0;
				PRODUCT_BUNDLE_IDENTIFIER = NDOM.QuizGameUITests;
				PRODUCT_NAME = "$(TARGET_NAME)";
				SWIFT_EMIT_LOC_STRINGS = NO;
				SWIFT_VERSION = 5.0;
				TARGETED_DEVICE_FAMILY = "1,2";
				TEST_TARGET_NAME = QuizGame;
			};
			name = Debug;
		};
		B87417F32B25FD42005F48E2 /* Release */ = {
			isa = XCBuildConfiguration;
			buildSettings = {
				ALWAYS_EMBED_SWIFT_STANDARD_LIBRARIES = YES;
				CODE_SIGN_STYLE = Automatic;
				CURRENT_PROJECT_VERSION = 1;
				GENERATE_INFOPLIST_FILE = YES;
				MARKETING_VERSION = 1.0;
				PRODUCT_BUNDLE_IDENTIFIER = NDOM.QuizGameUITests;
				PRODUCT_NAME = "$(TARGET_NAME)";
				SWIFT_EMIT_LOC_STRINGS = NO;
				SWIFT_VERSION = 5.0;
				TARGETED_DEVICE_FAMILY = "1,2";
				TEST_TARGET_NAME = QuizGame;
			};
			name = Release;
		};
/* End XCBuildConfiguration section */

/* Begin XCConfigurationList section */
		B87417C22B25FD41005F48E2 /* Build configuration list for PBXProject "QuizGame" */ = {
			isa = XCConfigurationList;
			buildConfigurations = (
				B87417E92B25FD42005F48E2 /* Debug */,
				B87417EA2B25FD42005F48E2 /* Release */,
			);
			defaultConfigurationIsVisible = 0;
			defaultConfigurationName = Release;
		};
		B87417EB2B25FD42005F48E2 /* Build configuration list for PBXNativeTarget "QuizGame" */ = {
			isa = XCConfigurationList;
			buildConfigurations = (
				B87417EC2B25FD42005F48E2 /* Debug */,
				B87417ED2B25FD42005F48E2 /* Release */,
			);
			defaultConfigurationIsVisible = 0;
			defaultConfigurationName = Release;
		};
		B87417EE2B25FD42005F48E2 /* Build configuration list for PBXNativeTarget "QuizGameTests" */ = {
			isa = XCConfigurationList;
			buildConfigurations = (
				B87417EF2B25FD42005F48E2 /* Debug */,
				B87417F02B25FD42005F48E2 /* Release */,
			);
			defaultConfigurationIsVisible = 0;
			defaultConfigurationName = Release;
		};
		B87417F12B25FD42005F48E2 /* Build configuration list for PBXNativeTarget "QuizGameUITests" */ = {
			isa = XCConfigurationList;
			buildConfigurations = (
				B87417F22B25FD42005F48E2 /* Debug */,
				B87417F32B25FD42005F48E2 /* Release */,
			);
			defaultConfigurationIsVisible = 0;
			defaultConfigurationName = Release;
		};
/* End XCConfigurationList section */
	};
	rootObject = B87417BF2B25FD41005F48E2 /* Project object */;
}
